
Microsoft Visual Studio Solution File, Format Version 12.00
Project("{FAE04EC0-301F-11D3-BF4B-00C04F79EFBC}") = "DotnetGeminiSDK", "DotnetGeminiSDK\DotnetGeminiSDK.csproj", "{A87E3641-6F47-41AD-BC4C-8D1338FCAD55}"
EndProject
Project("{FAE04EC0-301F-11D3-BF4B-00C04F79EFBC}") = "WebApplication1", "WebApplication1\WebApplication1.csproj", "{F6081B2C-6DA0-46A7-A513-AE1A727EBB40}"
EndProject
Global
	GlobalSection(SolutionConfigurationPlatforms) = preSolution
		Debug|Any CPU = Debug|Any CPU
		Release|Any CPU = Release|Any CPU
	EndGlobalSection
	GlobalSection(ProjectConfigurationPlatforms) = postSolution
		{A87E3641-6F47-41AD-BC4C-8D1338FCAD55}.Debug|Any CPU.ActiveCfg = Debug|Any CPU
		{A87E3641-6F47-41AD-BC4C-8D1338FCAD55}.Debug|Any CPU.Build.0 = Debug|Any CPU
		{A87E3641-6F47-41AD-BC4C-8D1338FCAD55}.Release|Any CPU.ActiveCfg = Release|Any CPU
		{A87E3641-6F47-41AD-BC4C-8D1338FCAD55}.Release|Any CPU.Build.0 = Release|Any CPU
		{F6081B2C-6DA0-46A7-A513-AE1A727EBB40}.Debug|Any CPU.ActiveCfg = Debug|Any CPU
		{F6081B2C-6DA0-46A7-A513-AE1A727EBB40}.Debug|Any CPU.Build.0 = Debug|Any CPU
		{F6081B2C-6DA0-46A7-A513-AE1A727EBB40}.Release|Any CPU.ActiveCfg = Release|Any CPU
		{F6081B2C-6DA0-46A7-A513-AE1A727EBB40}.Release|Any CPU.Build.0 = Release|Any CPU
	EndGlobalSection
EndGlobal
